
Microsoft Visual Studio Solution File, Format Version 12.00
# Visual Studio Version 16
VisualStudioVersion = 16.0.31005.135
MinimumVisualStudioVersion = 10.0.40219.1
Project("{FAE04EC0-301F-11D3-BF4B-00C04F79EFBC}") = "ExceptionLogging", "ExceptionLogging\ExceptionLogging.csproj", "{F4417D31-2EFE-47E9-A595-BAA7307CE18E}"
EndProject
Global
	GlobalSection(SolutionConfigurationPlatforms) = preSolution
		Debug|Any CPU = Debug|Any CPU
		Release|Any CPU = Release|Any CPU
	EndGlobalSection
	GlobalSection(ProjectConfigurationPlatforms) = postSolution
		{F4417D31-2EFE-47E9-A595-BAA7307CE18E}.Debug|Any CPU.ActiveCfg = Debug|Any CPU
		{F4417D31-2EFE-47E9-A595-BAA7307CE18E}.Debug|Any CPU.Build.0 = Debug|Any CPU
		{F4417D31-2EFE-47E9-A595-BAA7307CE18E}.Release|Any CPU.ActiveCfg = Release|Any CPU
		{F4417D31-2EFE-47E9-A595-BAA7307CE18E}.Release|Any CPU.Build.0 = Release|Any CPU
	EndGlobalSection
	GlobalSection(SolutionProperties) = preSolution
		HideSolutionNode = FALSE
	EndGlobalSection
	GlobalSection(ExtensibilityGlobals) = postSolution
		SolutionGuid = {E3347ADA-1B7D-42B0-8B01-CA37823882B4}
	EndGlobalSection
EndGlobal
