
Microsoft Visual Studio Solution File, Format Version 12.00
# Visual Studio Version 16
VisualStudioVersion = 16.0.31005.135
MinimumVisualStudioVersion = 10.0.40219.1
Project("{9A19103F-16F7-4668-BE54-9A1E7A4F7556}") = "AdapterPattern", "AdapterPattern\AdapterPattern.csproj", "{20B16B5D-D98B-4886-AC3B-06A057EE5BF2}"
EndProject
Global
	GlobalSection(SolutionConfigurationPlatforms) = preSolution
		Debug|Any CPU = Debug|Any CPU
		Release|Any CPU = Release|Any CPU
	EndGlobalSection
	GlobalSection(ProjectConfigurationPlatforms) = postSolution
		{20B16B5D-D98B-4886-AC3B-06A057EE5BF2}.Debug|Any CPU.ActiveCfg = Debug|Any CPU
		{20B16B5D-D98B-4886-AC3B-06A057EE5BF2}.Debug|Any CPU.Build.0 = Debug|Any CPU
		{20B16B5D-D98B-4886-AC3B-06A057EE5BF2}.Release|Any CPU.ActiveCfg = Release|Any CPU
		{20B16B5D-D98B-4886-AC3B-06A057EE5BF2}.Release|Any CPU.Build.0 = Release|Any CPU
	EndGlobalSection
	GlobalSection(SolutionProperties) = preSolution
		HideSolutionNode = FALSE
	EndGlobalSection
	GlobalSection(ExtensibilityGlobals) = postSolution
		SolutionGuid = {B62717DF-BC8F-4F59-9DF3-F01552DA116A}
	EndGlobalSection
EndGlobal
