
Microsoft Visual Studio Solution File, Format Version 12.00
# Visual Studio Version 16
VisualStudioVersion = 16.0.31005.135
MinimumVisualStudioVersion = 10.0.40219.1
Project("{FAE04EC0-301F-11D3-BF4B-00C04F79EFBC}") = "FacadePattern", "FacadePattern.csproj", "{9DBB0B05-E530-448F-BCE4-E69BED0D86A6}"
EndProject
Global
	GlobalSection(SolutionConfigurationPlatforms) = preSolution
		Debug|Any CPU = Debug|Any CPU
		Release|Any CPU = Release|Any CPU
	EndGlobalSection
	GlobalSection(ProjectConfigurationPlatforms) = postSolution
		{9DBB0B05-E530-448F-BCE4-E69BED0D86A6}.Debug|Any CPU.ActiveCfg = Debug|Any CPU
		{9DBB0B05-E530-448F-BCE4-E69BED0D86A6}.Debug|Any CPU.Build.0 = Debug|Any CPU
		{9DBB0B05-E530-448F-BCE4-E69BED0D86A6}.Release|Any CPU.ActiveCfg = Release|Any CPU
		{9DBB0B05-E530-448F-BCE4-E69BED0D86A6}.Release|Any CPU.Build.0 = Release|Any CPU
	EndGlobalSection
	GlobalSection(SolutionProperties) = preSolution
		HideSolutionNode = FALSE
	EndGlobalSection
	GlobalSection(ExtensibilityGlobals) = postSolution
		SolutionGuid = {2D92EC9F-C4C3-4B53-BB51-75B79C7B8107}
	EndGlobalSection
EndGlobal
