
Microsoft Visual Studio Solution File, Format Version 12.00
# Visual Studio Version 16
VisualStudioVersion = 16.0.31005.135
MinimumVisualStudioVersion = 10.0.40219.1
Project("{FAE04EC0-301F-11D3-BF4B-00C04F79EFBC}") = "ListEmployees", "ListEmployees\ListEmployees.csproj", "{9EB5B4CC-C637-409E-9E29-6415F8FD5E6F}"
EndProject
Global
	GlobalSection(SolutionConfigurationPlatforms) = preSolution
		Debug|Any CPU = Debug|Any CPU
		Release|Any CPU = Release|Any CPU
	EndGlobalSection
	GlobalSection(ProjectConfigurationPlatforms) = postSolution
		{9EB5B4CC-C637-409E-9E29-6415F8FD5E6F}.Debug|Any CPU.ActiveCfg = Debug|Any CPU
		{9EB5B4CC-C637-409E-9E29-6415F8FD5E6F}.Debug|Any CPU.Build.0 = Debug|Any CPU
		{9EB5B4CC-C637-409E-9E29-6415F8FD5E6F}.Release|Any CPU.ActiveCfg = Release|Any CPU
		{9EB5B4CC-C637-409E-9E29-6415F8FD5E6F}.Release|Any CPU.Build.0 = Release|Any CPU
	EndGlobalSection
	GlobalSection(SolutionProperties) = preSolution
		HideSolutionNode = FALSE
	EndGlobalSection
	GlobalSection(ExtensibilityGlobals) = postSolution
		SolutionGuid = {4B337E3C-CE67-48AB-B7A4-FD2B086B6D15}
	EndGlobalSection
EndGlobal
