
Microsoft Visual Studio Solution File, Format Version 12.00
# Visual Studio Version 16
VisualStudioVersion = 16.0.31005.135
MinimumVisualStudioVersion = 10.0.40219.1
Project("{FAE04EC0-301F-11D3-BF4B-00C04F79EFBC}") = "BuilderPattern", "BuilderPattern.csproj", "{96068BD6-7930-4C48-8F61-1C04889238F1}"
EndProject
Global
	GlobalSection(SolutionConfigurationPlatforms) = preSolution
		Debug|Any CPU = Debug|Any CPU
		Release|Any CPU = Release|Any CPU
	EndGlobalSection
	GlobalSection(ProjectConfigurationPlatforms) = postSolution
		{96068BD6-7930-4C48-8F61-1C04889238F1}.Debug|Any CPU.ActiveCfg = Debug|Any CPU
		{96068BD6-7930-4C48-8F61-1C04889238F1}.Debug|Any CPU.Build.0 = Debug|Any CPU
		{96068BD6-7930-4C48-8F61-1C04889238F1}.Release|Any CPU.ActiveCfg = Release|Any CPU
		{96068BD6-7930-4C48-8F61-1C04889238F1}.Release|Any CPU.Build.0 = Release|Any CPU
	EndGlobalSection
	GlobalSection(SolutionProperties) = preSolution
		HideSolutionNode = FALSE
	EndGlobalSection
	GlobalSection(ExtensibilityGlobals) = postSolution
		SolutionGuid = {8D29EBDC-66FF-4E99-9D26-5AEAC40772A6}
	EndGlobalSection
EndGlobal
