
Microsoft Visual Studio Solution File, Format Version 12.00
# Visual Studio Version 16
VisualStudioVersion = 16.0.31005.135
MinimumVisualStudioVersion = 10.0.40219.1
Project("{FAE04EC0-301F-11D3-BF4B-00C04F79EFBC}") = "WServiceTimer", "WServiceTimer\WServiceTimer.csproj", "{2193C0F0-1115-4B08-B224-1E5C902221DC}"
EndProject
Global
	GlobalSection(SolutionConfigurationPlatforms) = preSolution
		Debug|Any CPU = Debug|Any CPU
		Release|Any CPU = Release|Any CPU
	EndGlobalSection
	GlobalSection(ProjectConfigurationPlatforms) = postSolution
		{2193C0F0-1115-4B08-B224-1E5C902221DC}.Debug|Any CPU.ActiveCfg = Debug|Any CPU
		{2193C0F0-1115-4B08-B224-1E5C902221DC}.Debug|Any CPU.Build.0 = Debug|Any CPU
		{2193C0F0-1115-4B08-B224-1E5C902221DC}.Release|Any CPU.ActiveCfg = Release|Any CPU
		{2193C0F0-1115-4B08-B224-1E5C902221DC}.Release|Any CPU.Build.0 = Release|Any CPU
	EndGlobalSection
	GlobalSection(SolutionProperties) = preSolution
		HideSolutionNode = FALSE
	EndGlobalSection
	GlobalSection(ExtensibilityGlobals) = postSolution
		SolutionGuid = {ADFE5FD4-D32F-448F-A642-ECCDD4BF6ED3}
	EndGlobalSection
EndGlobal
