
Microsoft Visual Studio Solution File, Format Version 12.00
# Visual Studio Version 16
VisualStudioVersion = 16.0.31005.135
MinimumVisualStudioVersion = 10.0.40219.1
Project("{FAE04EC0-301F-11D3-BF4B-00C04F79EFBC}") = "MVCSample", "MVCSample\MVCSample.csproj", "{B28626C2-A7FA-49A9-B554-5071239F015D}"
EndProject
Global
	GlobalSection(SolutionConfigurationPlatforms) = preSolution
		Debug|Any CPU = Debug|Any CPU
		Release|Any CPU = Release|Any CPU
	EndGlobalSection
	GlobalSection(ProjectConfigurationPlatforms) = postSolution
		{B28626C2-A7FA-49A9-B554-5071239F015D}.Debug|Any CPU.ActiveCfg = Debug|Any CPU
		{B28626C2-A7FA-49A9-B554-5071239F015D}.Debug|Any CPU.Build.0 = Debug|Any CPU
		{B28626C2-A7FA-49A9-B554-5071239F015D}.Release|Any CPU.ActiveCfg = Release|Any CPU
		{B28626C2-A7FA-49A9-B554-5071239F015D}.Release|Any CPU.Build.0 = Release|Any CPU
	EndGlobalSection
	GlobalSection(SolutionProperties) = preSolution
		HideSolutionNode = FALSE
	EndGlobalSection
	GlobalSection(ExtensibilityGlobals) = postSolution
		SolutionGuid = {B6BFF2E7-5DC2-42CC-8D75-66E37AB06780}
	EndGlobalSection
EndGlobal
