
Microsoft Visual Studio Solution File, Format Version 12.00
# Visual Studio Version 16
VisualStudioVersion = 16.0.31005.135
MinimumVisualStudioVersion = 10.0.40219.1
Project("{FAE04EC0-301F-11D3-BF4B-00C04F79EFBC}") = "ObserverPatternCaseStudy", "ObserverPatternCaseStudy\ObserverPatternCaseStudy.csproj", "{AB6B815C-90B8-47C9-8FD1-D3A10F312B98}"
EndProject
Global
	GlobalSection(SolutionConfigurationPlatforms) = preSolution
		Debug|Any CPU = Debug|Any CPU
		Release|Any CPU = Release|Any CPU
	EndGlobalSection
	GlobalSection(ProjectConfigurationPlatforms) = postSolution
		{AB6B815C-90B8-47C9-8FD1-D3A10F312B98}.Debug|Any CPU.ActiveCfg = Debug|Any CPU
		{AB6B815C-90B8-47C9-8FD1-D3A10F312B98}.Debug|Any CPU.Build.0 = Debug|Any CPU
		{AB6B815C-90B8-47C9-8FD1-D3A10F312B98}.Release|Any CPU.ActiveCfg = Release|Any CPU
		{AB6B815C-90B8-47C9-8FD1-D3A10F312B98}.Release|Any CPU.Build.0 = Release|Any CPU
	EndGlobalSection
	GlobalSection(SolutionProperties) = preSolution
		HideSolutionNode = FALSE
	EndGlobalSection
	GlobalSection(ExtensibilityGlobals) = postSolution
		SolutionGuid = {1E94CAE3-5F63-432B-A306-1EE091FFBF03}
	EndGlobalSection
EndGlobal
