
Microsoft Visual Studio Solution File, Format Version 12.00
# Visual Studio Version 16
VisualStudioVersion = 16.0.31005.135
MinimumVisualStudioVersion = 10.0.40219.1
Project("{FAE04EC0-301F-11D3-BF4B-00C04F79EFBC}") = "HelloWorld", "HelloWorld\HelloWorld.csproj", "{66002ADC-5686-427C-A37A-0FB4D69C3C67}"
EndProject
Global
	GlobalSection(SolutionConfigurationPlatforms) = preSolution
		Debug|Any CPU = Debug|Any CPU
		Release|Any CPU = Release|Any CPU
	EndGlobalSection
	GlobalSection(ProjectConfigurationPlatforms) = postSolution
		{66002ADC-5686-427C-A37A-0FB4D69C3C67}.Debug|Any CPU.ActiveCfg = Debug|Any CPU
		{66002ADC-5686-427C-A37A-0FB4D69C3C67}.Debug|Any CPU.Build.0 = Debug|Any CPU
		{66002ADC-5686-427C-A37A-0FB4D69C3C67}.Release|Any CPU.ActiveCfg = Release|Any CPU
		{66002ADC-5686-427C-A37A-0FB4D69C3C67}.Release|Any CPU.Build.0 = Release|Any CPU
	EndGlobalSection
	GlobalSection(SolutionProperties) = preSolution
		HideSolutionNode = FALSE
	EndGlobalSection
	GlobalSection(ExtensibilityGlobals) = postSolution
		SolutionGuid = {5EBABD82-9AF1-4C36-B737-784CC5163859}
	EndGlobalSection
EndGlobal
