
Microsoft Visual Studio Solution File, Format Version 12.00
# Visual Studio Version 16
VisualStudioVersion = 16.0.31005.135
MinimumVisualStudioVersion = 10.0.40219.1
Project("{9A19103F-16F7-4668-BE54-9A1E7A4F7556}") = "CalcLibrary", "CalcLibrary\CalcLibrary.csproj", "{CF9F0ABE-C280-4F84-8890-69F9E59BF84F}"
EndProject
Project("{FAE04EC0-301F-11D3-BF4B-00C04F79EFBC}") = "UnitTest", "UnitTest\UnitTest.csproj", "{47E07765-76C9-4D1D-A6ED-1BA50ECD75B7}"
EndProject
Global
	GlobalSection(SolutionConfigurationPlatforms) = preSolution
		Debug|Any CPU = Debug|Any CPU
		Release|Any CPU = Release|Any CPU
	EndGlobalSection
	GlobalSection(ProjectConfigurationPlatforms) = postSolution
		{CF9F0ABE-C280-4F84-8890-69F9E59BF84F}.Debug|Any CPU.ActiveCfg = Debug|Any CPU
		{CF9F0ABE-C280-4F84-8890-69F9E59BF84F}.Debug|Any CPU.Build.0 = Debug|Any CPU
		{CF9F0ABE-C280-4F84-8890-69F9E59BF84F}.Release|Any CPU.ActiveCfg = Release|Any CPU
		{CF9F0ABE-C280-4F84-8890-69F9E59BF84F}.Release|Any CPU.Build.0 = Release|Any CPU
		{47E07765-76C9-4D1D-A6ED-1BA50ECD75B7}.Debug|Any CPU.ActiveCfg = Debug|Any CPU
		{47E07765-76C9-4D1D-A6ED-1BA50ECD75B7}.Debug|Any CPU.Build.0 = Debug|Any CPU
		{47E07765-76C9-4D1D-A6ED-1BA50ECD75B7}.Release|Any CPU.ActiveCfg = Release|Any CPU
		{47E07765-76C9-4D1D-A6ED-1BA50ECD75B7}.Release|Any CPU.Build.0 = Release|Any CPU
	EndGlobalSection
	GlobalSection(SolutionProperties) = preSolution
		HideSolutionNode = FALSE
	EndGlobalSection
	GlobalSection(ExtensibilityGlobals) = postSolution
		SolutionGuid = {81769E1B-3B70-4325-8C22-988EF210FE89}
	EndGlobalSection
EndGlobal
